{
  "name": "tbc-project",
  "lockfileVersion": 2,
  "requires": true,
  "packages": {
    "": {
      "dependencies": {
        "bpg-web-001-caps": "^1.0.0"
      }
    },
    "node_modules/bpg-web-001-caps": {
      "version": "1.0.0",
      "resolved": "https://registry.npmjs.org/bpg-web-001-caps/-/bpg-web-001-caps-1.0.0.tgz",
      "integrity": "sha512-cziwFPVZZJwWDkY8tWahKlPVjgkfYy7nxWuyF7DWLksezfTnkq4KMRRM7M7XLP9QVd7iKRxxKZPdcBgOgC3s6g=="
    }
  },
  "dependencies": {
    "bpg-web-001-caps": {
      "version": "1.0.0",
      "resolved": "https://registry.npmjs.org/bpg-web-001-caps/-/bpg-web-001-caps-1.0.0.tgz",
      "integrity": "sha512-cziwFPVZZJwWDkY8tWahKlPVjgkfYy7nxWuyF7DWLksezfTnkq4KMRRM7M7XLP9QVd7iKRxxKZPdcBgOgC3s6g=="
    }
  }
}
